{
  "name": "AltText",
  "lockfileVersion": 3,
  "requires": true,
  "packages": {
    "": {
      "dependencies": {
        "built-in-ai-skills-md-agent-md": "^1.4.0"
      }
    },
    "node_modules/built-in-ai-skills-md-agent-md": {
      "version": "1.4.0",
      "resolved": "https://us-npm.pkg.dev/artifact-foundry-prod/ah-3p-staging-npm/built-in-ai-skills-md-agent-md/-/built-in-ai-skills-md-agent-md-1.4.0.tgz",
      "integrity": "sha512-ZGMdAV+ICVVSYbGnktC2ydVI38OFMq6zBQuUA9i2IfADkd27UBFYdI3vQDElga0JXtaF9kHVwkvPJyWJ0bHBDw==",
      "hasInstallScript": true,
      "license": "Apache-2.0"
    }
  }
}
